
Microsoft Visual Studio Solution File, Format Version 12.00
# Visual Studio Version 16
VisualStudioVersion = 16.0.30104.148
MinimumVisualStudioVersion = 10.0.40219.1
Project("{8BC9CEB8-8B4A-11D0-8D11-00A0C91BC942}") = "0522", "0522\0522.vcxproj", "{6BC69807-FD58-47D5-92BD-0A20098E9566}"
EndProject
Global
	GlobalSection(SolutionConfigurationPlatforms) = preSolution
		Debug|x64 = Debug|x64
		Debug|x86 = Debug|x86
		Release|x64 = Release|x64
		Release|x86 = Release|x86
	EndGlobalSection
	GlobalSection(ProjectConfigurationPlatforms) = postSolution
		{6BC69807-FD58-47D5-92BD-0A20098E9566}.Debug|x64.ActiveCfg = Debug|x64
		{6BC69807-FD58-47D5-92BD-0A20098E9566}.Debug|x64.Build.0 = Debug|x64
		{6BC69807-FD58-47D5-92BD-0A20098E9566}.Debug|x86.ActiveCfg = Debug|Win32
		{6BC69807-FD58-47D5-92BD-0A20098E9566}.Debug|x86.Build.0 = Debug|Win32
		{6BC69807-FD58-47D5-92BD-0A20098E9566}.Release|x64.ActiveCfg = Release|x64
		{6BC69807-FD58-47D5-92BD-0A20098E9566}.Release|x64.Build.0 = Release|x64
		{6BC69807-FD58-47D5-92BD-0A20098E9566}.Release|x86.ActiveCfg = Release|Win32
		{6BC69807-FD58-47D5-92BD-0A20098E9566}.Release|x86.Build.0 = Release|Win32
	EndGlobalSection
	GlobalSection(SolutionProperties) = preSolution
		HideSolutionNode = FALSE
	EndGlobalSection
	GlobalSection(ExtensibilityGlobals) = postSolution
		SolutionGuid = {6774B8A1-7320-4C1E-A105-E89A47C59755}
	EndGlobalSection
EndGlobal
